
Microsoft Visual Studio Solution File, Format Version 12.00
# Visual Studio Version 17
VisualStudioVersion = 17.11.35327.3
MinimumVisualStudioVersion = 10.0.40219.1
Project("{FAE04EC0-301F-11D3-BF4B-00C04F79EFBC}") = "Vektorel.OOPAllInOne", "Vektorel.OOPAllInOne\Vektorel.OOPAllInOne.csproj", "{DE032D22-672F-41AA-A1A0-D79C87D40A49}"
EndProject
Project("{FAE04EC0-301F-11D3-BF4B-00C04F79EFBC}") = "Vektorel.Libraries", "Vektorel.Libraries\Vektorel.Libraries.csproj", "{230E3102-26FC-409B-90EA-572DCEDBCD47}"
EndProject
Global
	GlobalSection(SolutionConfigurationPlatforms) = preSolution
		Debug|Any CPU = Debug|Any CPU
		Release|Any CPU = Release|Any CPU
	EndGlobalSection
	GlobalSection(ProjectConfigurationPlatforms) = postSolution
		{DE032D22-672F-41AA-A1A0-D79C87D40A49}.Debug|Any CPU.ActiveCfg = Debug|Any CPU
		{DE032D22-672F-41AA-A1A0-D79C87D40A49}.Debug|Any CPU.Build.0 = Debug|Any CPU
		{DE032D22-672F-41AA-A1A0-D79C87D40A49}.Release|Any CPU.ActiveCfg = Release|Any CPU
		{DE032D22-672F-41AA-A1A0-D79C87D40A49}.Release|Any CPU.Build.0 = Release|Any CPU
		{230E3102-26FC-409B-90EA-572DCEDBCD47}.Debug|Any CPU.ActiveCfg = Debug|Any CPU
		{230E3102-26FC-409B-90EA-572DCEDBCD47}.Debug|Any CPU.Build.0 = Debug|Any CPU
		{230E3102-26FC-409B-90EA-572DCEDBCD47}.Release|Any CPU.ActiveCfg = Release|Any CPU
		{230E3102-26FC-409B-90EA-572DCEDBCD47}.Release|Any CPU.Build.0 = Release|Any CPU
	EndGlobalSection
	GlobalSection(SolutionProperties) = preSolution
		HideSolutionNode = FALSE
	EndGlobalSection
	GlobalSection(ExtensibilityGlobals) = postSolution
		SolutionGuid = {670861FC-290D-4638-AA04-F93026E5D425}
	EndGlobalSection
EndGlobal
