
Microsoft Visual Studio Solution File, Format Version 12.00
# Visual Studio Version 17
VisualStudioVersion = 17.11.35327.3
MinimumVisualStudioVersion = 10.0.40219.1
Project("{9A19103F-16F7-4668-BE54-9A1E7A4F7556}") = "Vektorel.BasicArrays", "Vektorel.BasicArrays\Vektorel.BasicArrays.csproj", "{91368C56-42B7-4735-8F87-1045C6C6FE08}"
EndProject
Project("{9A19103F-16F7-4668-BE54-9A1E7A4F7556}") = "Vektorel.EvenNumberArray", "Vektorel.EvenNumberArray\Vektorel.EvenNumberArray.csproj", "{30BE63A6-2837-4F6A-858E-04C8EA7CD18F}"
EndProject
Project("{9A19103F-16F7-4668-BE54-9A1E7A4F7556}") = "Vektorel.CompareItems", "Vektorel.CompareItems\Vektorel.CompareItems.csproj", "{0327C3DC-1E3C-44F7-B423-1361BE86AF01}"
EndProject
Project("{FAE04EC0-301F-11D3-BF4B-00C04F79EFBC}") = "Vektorel.BasicSortOperation", "Vektorel.BasicSortOperation\Vektorel.BasicSortOperation.csproj", "{E52AE8C3-AF95-497D-9302-F35D68A6CA8D}"
EndProject
Project("{FAE04EC0-301F-11D3-BF4B-00C04F79EFBC}") = "Vektorel.TicketManagement", "Vektorel.TicketManagement\Vektorel.TicketManagement.csproj", "{BEF49C7D-AE33-411C-BC03-1C33A51151D8}"
EndProject
Global
	GlobalSection(SolutionConfigurationPlatforms) = preSolution
		Debug|Any CPU = Debug|Any CPU
		Release|Any CPU = Release|Any CPU
	EndGlobalSection
	GlobalSection(ProjectConfigurationPlatforms) = postSolution
		{91368C56-42B7-4735-8F87-1045C6C6FE08}.Debug|Any CPU.ActiveCfg = Debug|Any CPU
		{91368C56-42B7-4735-8F87-1045C6C6FE08}.Debug|Any CPU.Build.0 = Debug|Any CPU
		{91368C56-42B7-4735-8F87-1045C6C6FE08}.Release|Any CPU.ActiveCfg = Release|Any CPU
		{91368C56-42B7-4735-8F87-1045C6C6FE08}.Release|Any CPU.Build.0 = Release|Any CPU
		{30BE63A6-2837-4F6A-858E-04C8EA7CD18F}.Debug|Any CPU.ActiveCfg = Debug|Any CPU
		{30BE63A6-2837-4F6A-858E-04C8EA7CD18F}.Debug|Any CPU.Build.0 = Debug|Any CPU
		{30BE63A6-2837-4F6A-858E-04C8EA7CD18F}.Release|Any CPU.ActiveCfg = Release|Any CPU
		{30BE63A6-2837-4F6A-858E-04C8EA7CD18F}.Release|Any CPU.Build.0 = Release|Any CPU
		{0327C3DC-1E3C-44F7-B423-1361BE86AF01}.Debug|Any CPU.ActiveCfg = Debug|Any CPU
		{0327C3DC-1E3C-44F7-B423-1361BE86AF01}.Debug|Any CPU.Build.0 = Debug|Any CPU
		{0327C3DC-1E3C-44F7-B423-1361BE86AF01}.Release|Any CPU.ActiveCfg = Release|Any CPU
		{0327C3DC-1E3C-44F7-B423-1361BE86AF01}.Release|Any CPU.Build.0 = Release|Any CPU
		{E52AE8C3-AF95-497D-9302-F35D68A6CA8D}.Debug|Any CPU.ActiveCfg = Debug|Any CPU
		{E52AE8C3-AF95-497D-9302-F35D68A6CA8D}.Debug|Any CPU.Build.0 = Debug|Any CPU
		{E52AE8C3-AF95-497D-9302-F35D68A6CA8D}.Release|Any CPU.ActiveCfg = Release|Any CPU
		{E52AE8C3-AF95-497D-9302-F35D68A6CA8D}.Release|Any CPU.Build.0 = Release|Any CPU
		{BEF49C7D-AE33-411C-BC03-1C33A51151D8}.Debug|Any CPU.ActiveCfg = Debug|Any CPU
		{BEF49C7D-AE33-411C-BC03-1C33A51151D8}.Debug|Any CPU.Build.0 = Debug|Any CPU
		{BEF49C7D-AE33-411C-BC03-1C33A51151D8}.Release|Any CPU.ActiveCfg = Release|Any CPU
		{BEF49C7D-AE33-411C-BC03-1C33A51151D8}.Release|Any CPU.Build.0 = Release|Any CPU
	EndGlobalSection
	GlobalSection(SolutionProperties) = preSolution
		HideSolutionNode = FALSE
	EndGlobalSection
	GlobalSection(ExtensibilityGlobals) = postSolution
		SolutionGuid = {39A1CFF1-6538-4A44-BFAC-C7D0113CFEF1}
	EndGlobalSection
EndGlobal
