
Microsoft Visual Studio Solution File, Format Version 12.00
# Visual Studio Version 17
VisualStudioVersion = 17.11.35327.3
MinimumVisualStudioVersion = 10.0.40219.1
Project("{9A19103F-16F7-4668-BE54-9A1E7A4F7556}") = "Vektorel.Inheritance", "Vektorel.Inheritance\Vektorel.Inheritance.csproj", "{ACE3D84A-9A3B-4270-BCD9-98C29322DDCB}"
EndProject
Project("{FAE04EC0-301F-11D3-BF4B-00C04F79EFBC}") = "Vektorel.Interfaces", "Vektorel.Interfaces\Vektorel.Interfaces.csproj", "{64F8D44E-93DA-422C-812F-8E997A61F55E}"
EndProject
Project("{FAE04EC0-301F-11D3-BF4B-00C04F79EFBC}") = "Vektorel.AbstractionSample", "Vektorel.AbstractionSample\Vektorel.AbstractionSample.csproj", "{F628D789-353E-46D7-AF13-C09F49E87D05}"
EndProject
Global
	GlobalSection(SolutionConfigurationPlatforms) = preSolution
		Debug|Any CPU = Debug|Any CPU
		Release|Any CPU = Release|Any CPU
	EndGlobalSection
	GlobalSection(ProjectConfigurationPlatforms) = postSolution
		{ACE3D84A-9A3B-4270-BCD9-98C29322DDCB}.Debug|Any CPU.ActiveCfg = Debug|Any CPU
		{ACE3D84A-9A3B-4270-BCD9-98C29322DDCB}.Debug|Any CPU.Build.0 = Debug|Any CPU
		{ACE3D84A-9A3B-4270-BCD9-98C29322DDCB}.Release|Any CPU.ActiveCfg = Release|Any CPU
		{ACE3D84A-9A3B-4270-BCD9-98C29322DDCB}.Release|Any CPU.Build.0 = Release|Any CPU
		{64F8D44E-93DA-422C-812F-8E997A61F55E}.Debug|Any CPU.ActiveCfg = Debug|Any CPU
		{64F8D44E-93DA-422C-812F-8E997A61F55E}.Debug|Any CPU.Build.0 = Debug|Any CPU
		{64F8D44E-93DA-422C-812F-8E997A61F55E}.Release|Any CPU.ActiveCfg = Release|Any CPU
		{64F8D44E-93DA-422C-812F-8E997A61F55E}.Release|Any CPU.Build.0 = Release|Any CPU
		{F628D789-353E-46D7-AF13-C09F49E87D05}.Debug|Any CPU.ActiveCfg = Debug|Any CPU
		{F628D789-353E-46D7-AF13-C09F49E87D05}.Debug|Any CPU.Build.0 = Debug|Any CPU
		{F628D789-353E-46D7-AF13-C09F49E87D05}.Release|Any CPU.ActiveCfg = Release|Any CPU
		{F628D789-353E-46D7-AF13-C09F49E87D05}.Release|Any CPU.Build.0 = Release|Any CPU
	EndGlobalSection
	GlobalSection(SolutionProperties) = preSolution
		HideSolutionNode = FALSE
	EndGlobalSection
	GlobalSection(ExtensibilityGlobals) = postSolution
		SolutionGuid = {8F099AAF-E6D7-4566-B0BB-E7D86DF9753F}
	EndGlobalSection
EndGlobal
