
Microsoft Visual Studio Solution File, Format Version 12.00
# Visual Studio Version 17
VisualStudioVersion = 17.11.35327.3
MinimumVisualStudioVersion = 10.0.40219.1
Project("{9A19103F-16F7-4668-BE54-9A1E7A4F7556}") = "Vektorel.Conditions", "Vektorel.Conditions\Vektorel.Conditions.csproj", "{E53EDB04-0E04-40D0-927B-5AD49E0D2026}"
EndProject
Project("{9A19103F-16F7-4668-BE54-9A1E7A4F7556}") = "Vektorel.ConditionsSample", "Vektorel.ConditionsSample\Vektorel.ConditionsSample.csproj", "{DF408510-1318-4A98-BBD4-DD504BE6AC55}"
EndProject
Project("{FAE04EC0-301F-11D3-BF4B-00C04F79EFBC}") = "Vektorel.Iterations", "Vektorel.Iterations\Vektorel.Iterations.csproj", "{C23B7EAB-1C2E-45F2-8FBD-43F62E0DE201}"
EndProject
Project("{FAE04EC0-301F-11D3-BF4B-00C04F79EFBC}") = "Vektorel.ForLoopSample", "Vektorel.ForLoopSample\Vektorel.ForLoopSample.csproj", "{D1FF4A0C-E38C-4CE9-8C52-2669D3F91411}"
EndProject
Global
	GlobalSection(SolutionConfigurationPlatforms) = preSolution
		Debug|Any CPU = Debug|Any CPU
		Release|Any CPU = Release|Any CPU
	EndGlobalSection
	GlobalSection(ProjectConfigurationPlatforms) = postSolution
		{E53EDB04-0E04-40D0-927B-5AD49E0D2026}.Debug|Any CPU.ActiveCfg = Debug|Any CPU
		{E53EDB04-0E04-40D0-927B-5AD49E0D2026}.Debug|Any CPU.Build.0 = Debug|Any CPU
		{E53EDB04-0E04-40D0-927B-5AD49E0D2026}.Release|Any CPU.ActiveCfg = Release|Any CPU
		{E53EDB04-0E04-40D0-927B-5AD49E0D2026}.Release|Any CPU.Build.0 = Release|Any CPU
		{DF408510-1318-4A98-BBD4-DD504BE6AC55}.Debug|Any CPU.ActiveCfg = Debug|Any CPU
		{DF408510-1318-4A98-BBD4-DD504BE6AC55}.Debug|Any CPU.Build.0 = Debug|Any CPU
		{DF408510-1318-4A98-BBD4-DD504BE6AC55}.Release|Any CPU.ActiveCfg = Release|Any CPU
		{DF408510-1318-4A98-BBD4-DD504BE6AC55}.Release|Any CPU.Build.0 = Release|Any CPU
		{C23B7EAB-1C2E-45F2-8FBD-43F62E0DE201}.Debug|Any CPU.ActiveCfg = Debug|Any CPU
		{C23B7EAB-1C2E-45F2-8FBD-43F62E0DE201}.Debug|Any CPU.Build.0 = Debug|Any CPU
		{C23B7EAB-1C2E-45F2-8FBD-43F62E0DE201}.Release|Any CPU.ActiveCfg = Release|Any CPU
		{C23B7EAB-1C2E-45F2-8FBD-43F62E0DE201}.Release|Any CPU.Build.0 = Release|Any CPU
		{D1FF4A0C-E38C-4CE9-8C52-2669D3F91411}.Debug|Any CPU.ActiveCfg = Debug|Any CPU
		{D1FF4A0C-E38C-4CE9-8C52-2669D3F91411}.Debug|Any CPU.Build.0 = Debug|Any CPU
		{D1FF4A0C-E38C-4CE9-8C52-2669D3F91411}.Release|Any CPU.ActiveCfg = Release|Any CPU
		{D1FF4A0C-E38C-4CE9-8C52-2669D3F91411}.Release|Any CPU.Build.0 = Release|Any CPU
	EndGlobalSection
	GlobalSection(SolutionProperties) = preSolution
		HideSolutionNode = FALSE
	EndGlobalSection
	GlobalSection(ExtensibilityGlobals) = postSolution
		SolutionGuid = {50CE021E-80BE-4771-AD07-8C06E3A33D7C}
	EndGlobalSection
EndGlobal
